folder: dBrYO41bkN846Axv
name: Biding Fury Horizontal Block
type: spell
_id: xj25qLMioXuHQvf4
img: systems/n5eb/assets/content/jutsu-icons/bukijutsu.webp
system:
  description:
    value: >-
      <p>(Must be under the effects of a Binding Fury Stance to cast) When you would be hit with an attack, you can
      spend 2 or more Fury to try and parry the damage. Roll your [weapons damage die] a number of times equal to the
      amount of Fury Spent and reduce the damage taken by the rolled amount. If you would reduce this damage to 0, make
      a number of attacks per every 2 Fury spent, dealing your [weapons damage die] on a hit.</p>
    chat: ''
  source:
    custom: ''
    rules: n5eb
    book: Naruto 5e
  activation:
    type: reaction
    cost: 1
    condition: to taking damage
  duration:
    value: '1'
    units: minute
  cover: null
  crewed: false
  target:
    value: ''
    width: null
    units: ''
    type: ''
    prompt: true
  range:
    value: null
    long: null
    units: spec
  uses:
    value: null
    max: ''
    per: null
    recovery: ''
    prompt: true
  consume:
    type: ''
    target: null
    amount: null
    scale: false
  ability: null
  actionType: ''
  attack:
    bonus: ''
    flat: false
  chatFlavor: ''
  critical:
    threshold: null
    damage: ''
  damage:
    parts: []
    versatile: ''
  enchantment: null
  formula: ''
  save:
    ability: ''
    dc: null
    scaling: spell
  summons: null
  level: 1
  school: trs
  properties: []
  materials:
    value: Any Power
    consumed: false
    cost: 0
    supply: 0
  preparation:
    mode: prepared
    prepared: false
  scaling:
    mode: none
    formula: ''
  versatileScaling:
    mode: none
    formula: ''
  recharge:
    value: null
    formula: 1d8
    charged: false
  identifier: biding-fury-horizontal-block
  jutsu:
    components:
      - m
      - w
    keywords:
      - bukijutsu
      - chainx
    countsKnown: true
    ability: ''
    type: bukijutsu
  rank: d
  chakra:
    cost: '4'
    scaling:
      mode: none
      value: 0
    special: ''
  method: spell
  prepared: 0
effects: []
sort: 5300000
ownership:
  default: 0
flags:
  midiProperties:
    confirmTargets: default
    autoFailFriendly: false
    autoSaveFriendly: false
    critOther: false
    offHandWeapon: false
    magicdam: false
    magiceffect: false
    noConcentrationCheck: false
    toggleEffect: false
    ignoreTotalCover: false
    idr: false
    idi: false
    idv: false
    ida: false
  midi-qol:
    rollAttackPerTarget: default
    itemCondition: ''
    effectCondition: ''
    reactionCondition: ''
  n5eb:
    legacyImport:
      sourceSystem: n5eb_old - Copy
      sourcePack: jutsus
      sourcePath: bukijutsu/d-rank/biding-fury-horizontal-block.json
      sourceId: xj25qLMioXuHQvf4
      sourceType: spell
      originalSystem:
        description:
          value: >-
            <p>(Must be under the effects of a Binding Fury Stance to cast) When you would be hit with an attack, you
            can spend 2 or more Fury to try and parry the damage. Roll your [weapons damage die] a number of times equal
            to the amount of Fury Spent and reduce the damage taken by the rolled amount. If you would reduce this
            damage to 0, make a number of attacks per every 2 Fury spent, dealing your [weapons damage die] on a
            hit.</p>
          chat: ''
        source:
          custom: ''
          book: Naruto 5e
        activation:
          type: reaction
          cost: 1
          condition: to taking damage
        duration:
          value: '1'
          units: minute
        cover: null
        crewed: false
        target:
          value: ''
          width: null
          units: ''
          type: ''
          prompt: true
        range:
          value: null
          long: null
          units: spec
        uses:
          value: null
          max: ''
          per: null
          recovery: ''
          prompt: true
        consume:
          type: ''
          target: null
          amount: null
          scale: false
        ability: null
        actionType: ''
        attack:
          bonus: ''
          flat: false
        chatFlavor: ''
        critical:
          threshold: null
          damage: ''
        damage:
          parts: []
          versatile: ''
        enchantment: null
        formula: ''
        save:
          ability: ''
          dc: null
          scaling: spell
        summons: null
        level: 1
        school: buki
        properties:
          - mobility
          - weapons
        keywords:
          - bukijutsu
          - chainx
        materials:
          value: Any Power
          consumed: false
          cost: 0
          supply: 0
        preparation:
          mode: prepared
          prepared: false
        scaling:
          mode: none
          formula: ''
        versatileScaling:
          mode: none
          formula: ''
        chakraCost: 4
        chakraScaling:
          mode: none
          value: 0
        recharge:
          value: null
          formula: 1d8
          charged: false
_stats:
  duplicateSource: null
  coreVersion: '12.331'
  systemId: n5eb
  systemVersion: 3.0.0
  createdTime: 1728755893853
  modifiedTime: 1728755942285
  lastModifiedBy: n5ebbuilder00000
  exportSource: null
  legacyImport:
    sourcePack: jutsus
    sourcePath: bukijutsu/d-rank/biding-fury-horizontal-block.json
_key: '!items!xj25qLMioXuHQvf4'
