folder: AZKAScqHMOBEEJQk
name: Perfect Block
type: spell
_id: LN8vdznlP5eiWEA7
img: systems/n5eb/assets/content/clans/gouken.webp
system:
  description:
    value: >-
      <p>You raise your arms into a crossed pattern. You gain a +4 to AC against the triggering
      attack.</p><p><strong>Empower:</strong> When you cast this Jutsu, you may expend a Ki Die. If you do, you may roll
      that die and increase your AC by the result against the triggering attack.</p>
    chat: ''
  source:
    custom: ''
    rules: n5eb
    book: Homebrew
  activation:
    type: reaction
    cost: 1
    condition: which you take when you are attacked by a Taijutsu, Bukijutsu, Unarmed or Weapon Attack
  duration:
    value: '1'
    units: turn
  cover: null
  crewed: false
  target:
    value: ''
    width: null
    units: ''
    type: ''
    prompt: true
  range:
    value: null
    long: null
    units: self
  uses:
    value: null
    max: ''
    per: null
    recovery: ''
    prompt: true
  consume:
    type: charges
    target: Compendium.n5eb.hb-clan.Item.EKyyWimPW82P3J62
    amount: 1
    scale: false
  ability: null
  actionType: ''
  attack:
    bonus: ''
    flat: false
  chatFlavor: ''
  critical:
    threshold: null
    damage: ''
  damage:
    parts: []
    versatile: ''
  enchantment: null
  formula: ''
  save:
    ability: ''
    dc: null
    scaling: spell
  summons: null
  recharge:
    value: null
    formula: 1d8
    charged: false
  level: 1
  school: trs
  properties: []
  materials:
    value: ''
    consumed: false
    cost: 0
    supply: 0
  preparation:
    mode: prepared
    prepared: false
  scaling:
    mode: none
    formula: ''
  versatileScaling:
    mode: none
    formula: ''
  identifier: perfect-block
  jutsu:
    components:
      - m
    keywords:
      - taijutsu
      - hijutsu
      - ninjutsu
    countsKnown: true
    ability: ''
    type: ninjutsu
  rank: d
  chakra:
    cost: '5'
    scaling:
      mode: none
      value: 0
    special: ''
  method: spell
  prepared: 0
effects: []
sort: 0
ownership:
  default: 0
flags:
  midiProperties:
    confirmTargets: default
    autoFailFriendly: false
    autoSaveFriendly: false
    critOther: false
    offHandWeapon: false
    magicdam: false
    magiceffect: false
    noConcentrationCheck: false
    toggleEffect: false
    ignoreTotalCover: false
    idr: false
    idi: false
    idv: false
    ida: false
  midi-qol:
    rollAttackPerTarget: default
    itemCondition: ''
    effectCondition: ''
    reactionCondition: ''
  n5eb:
    legacyImport:
      sourceSystem: n5eb_old - Copy
      sourcePack: hb-clan
      sourcePath: gouken/clan-hijutsu/d-rank/perfect-block.json
      sourceId: LN8vdznlP5eiWEA7
      sourceType: spell
      originalSystem:
        description:
          value: >-
            <p>You raise your arms into a crossed pattern. You gain a +4 to AC against the triggering
            attack.</p><p><strong>Empower:</strong> When you cast this Jutsu, you may expend a Ki Die. If you do, you
            may roll that die and increase your AC by the result against the triggering attack.</p>
          chat: ''
        source:
          custom: ''
          book: Homebrew
        activation:
          type: reaction
          cost: 1
          condition: which you take when you are attacked by a Taijutsu, Bukijutsu, Unarmed or Weapon Attack
        duration:
          value: '1'
          units: turn
        cover: null
        crewed: false
        target:
          value: ''
          width: null
          units: ''
          type: ''
          prompt: true
        range:
          value: null
          long: null
          units: self
        uses:
          value: null
          max: ''
          per: null
          recovery: ''
          prompt: true
        consume:
          type: charges
          target: Compendium.n5eb.hb-clan.Item.EKyyWimPW82P3J62
          amount: 1
          scale: false
        ability: null
        actionType: ''
        attack:
          bonus: ''
          flat: false
        chatFlavor: ''
        critical:
          threshold: null
          damage: ''
        damage:
          parts: []
          versatile: ''
        enchantment: null
        formula: ''
        save:
          ability: ''
          dc: null
          scaling: spell
        summons: null
        recharge:
          value: null
          formula: 1d8
          charged: false
        level: 1
        school: hi
        properties:
          - mobility
        keywords:
          - taijutsu
          - hijutsu
        materials:
          value: ''
          consumed: false
          cost: 0
          supply: 0
        preparation:
          mode: prepared
          prepared: false
        scaling:
          mode: none
          formula: ''
        versatileScaling:
          mode: none
          formula: ''
        chakraCost: 5
        chakraScaling:
          mode: none
          value: 0
_stats:
  duplicateSource: null
  coreVersion: '12.331'
  systemId: n5eb
  systemVersion: 3.0.0
  createdTime: 1740926603389
  modifiedTime: 1741606976894
  lastModifiedBy: n5ebbuilder00000
  exportSource: null
  legacyImport:
    sourcePack: hb-clan
    sourcePath: gouken/clan-hijutsu/d-rank/perfect-block.json
_key: '!items!LN8vdznlP5eiWEA7'
